
Microsoft Visual Studio Solution File, Format Version 12.00
# Visual Studio Version 17
VisualStudioVersion = 17.4.33205.214
MinimumVisualStudioVersion = 10.0.40219.1
Project("{9A19103F-16F7-4668-BE54-9A1E7A4F7556}") = "TrungHieuTourists.Domain", "src\TrungHieuTourists.Domain\TrungHieuTourists.Domain.csproj", "{554AD327-6DBA-4F8F-96F8-81CE7A0C863F}"
EndProject
Project("{9A19103F-16F7-4668-BE54-9A1E7A4F7556}") = "TrungHieuTourists.Application", "src\TrungHieuTourists.Application\TrungHieuTourists.Application.csproj", "{1A94A50E-06DC-43C1-80B5-B662820EC3EB}"
EndProject
Project("{9A19103F-16F7-4668-BE54-9A1E7A4F7556}") = "TrungHieuTourists.EntityFrameworkCore", "src\TrungHieuTourists.EntityFrameworkCore\TrungHieuTourists.EntityFrameworkCore.csproj", "{C956DD76-69C8-4A9C-83EA-D17DF83340FD}"
EndProject
Project("{2150E333-8FDC-42A3-9474-1A3956D46DE8}") = "src", "src", "{CA9AC87F-097E-4F15-8393-4BC07735A5B0}"
EndProject
Project("{2150E333-8FDC-42A3-9474-1A3956D46DE8}") = "test", "test", "{04DBDB01-70F4-4E06-B468-8F87850B22BE}"
EndProject
Project("{9A19103F-16F7-4668-BE54-9A1E7A4F7556}") = "TrungHieuTourists.Application.Tests", "test\TrungHieuTourists.Application.Tests\TrungHieuTourists.Application.Tests.csproj", "{50B2631D-129C-47B3-A587-029CCD6099BC}"
EndProject
Project("{9A19103F-16F7-4668-BE54-9A1E7A4F7556}") = "TrungHieuTourists.Domain.Shared", "src\TrungHieuTourists.Domain.Shared\TrungHieuTourists.Domain.Shared.csproj", "{42F719ED-8413-4895-B5B4-5AB56079BC66}"
EndProject
Project("{9A19103F-16F7-4668-BE54-9A1E7A4F7556}") = "TrungHieuTourists.Application.Contracts", "src\TrungHieuTourists.Application.Contracts\TrungHieuTourists.Application.Contracts.csproj", "{520659C8-C734-4298-A3DA-B539DB9DFC0B}"
EndProject
Project("{9A19103F-16F7-4668-BE54-9A1E7A4F7556}") = "TrungHieuTourists.HttpApi", "src\TrungHieuTourists.HttpApi\TrungHieuTourists.HttpApi.csproj", "{4164BDF7-F527-4E85-9CE6-E3C2D7426A27}"
EndProject
Project("{9A19103F-16F7-4668-BE54-9A1E7A4F7556}") = "TrungHieuTourists.HttpApi.Client", "src\TrungHieuTourists.HttpApi.Client\TrungHieuTourists.HttpApi.Client.csproj", "{3B5A0094-670D-4BB1-BFDD-61B88A8773DC}"
EndProject
Project("{9A19103F-16F7-4668-BE54-9A1E7A4F7556}") = "TrungHieuTourists.AuthServer", "src\TrungHieuTourists.AuthServer\TrungHieuTourists.AuthServer.csproj", "{073C361E-B8F4-49F5-93CC-72A3FF49C026}"
EndProject
Project("{9A19103F-16F7-4668-BE54-9A1E7A4F7556}") = "TrungHieuTourists.HttpApi.Host", "src\TrungHieuTourists.HttpApi.Host\TrungHieuTourists.HttpApi.Host.csproj", "{E6D5BF0E-DE92-4D82-A352-EF04B37CB11C}"
EndProject
Project("{9A19103F-16F7-4668-BE54-9A1E7A4F7556}") = "TrungHieuTourists.EntityFrameworkCore.Tests", "test\TrungHieuTourists.EntityFrameworkCore.Tests\TrungHieuTourists.EntityFrameworkCore.Tests.csproj", "{1FE30EB9-74A9-47F5-A9F6-7B1FAB672D81}"
EndProject
Project("{9A19103F-16F7-4668-BE54-9A1E7A4F7556}") = "TrungHieuTourists.TestBase", "test\TrungHieuTourists.TestBase\TrungHieuTourists.TestBase.csproj", "{91853F21-9CD9-4132-BC29-A7D5D84FFFE7}"
EndProject
Project("{9A19103F-16F7-4668-BE54-9A1E7A4F7556}") = "TrungHieuTourists.Domain.Tests", "test\TrungHieuTourists.Domain.Tests\TrungHieuTourists.Domain.Tests.csproj", "{E512F4D9-9375-480F-A2F6-A46509F9D824}"
EndProject
Project("{9A19103F-16F7-4668-BE54-9A1E7A4F7556}") = "TrungHieuTourists.HttpApi.Client.ConsoleTestApp", "test\TrungHieuTourists.HttpApi.Client.ConsoleTestApp\TrungHieuTourists.HttpApi.Client.ConsoleTestApp.csproj", "{EF480016-9127-4916-8735-D2466BDBC582}"
EndProject
Project("{9A19103F-16F7-4668-BE54-9A1E7A4F7556}") = "TrungHieuTourists.DbMigrator", "src\TrungHieuTourists.DbMigrator\TrungHieuTourists.DbMigrator.csproj", "{AA94D832-1CCC-4715-95A9-A483F23A1A5D}"
EndProject
Project("{2150E333-8FDC-42A3-9474-1A3956D46DE8}") = "auth", "auth", "{393F3635-69AE-471C-806C-D032386E079C}"
EndProject
Project("{2150E333-8FDC-42A3-9474-1A3956D46DE8}") = "common", "common", "{A6CD70E0-2722-4C9A-BFBB-FC98E744384C}"
EndProject
Project("{2150E333-8FDC-42A3-9474-1A3956D46DE8}") = "domain", "domain", "{282827BD-6ECA-47F3-9C09-49F029BFB172}"
EndProject
Project("{2150E333-8FDC-42A3-9474-1A3956D46DE8}") = "infrastructure", "infrastructure", "{4EC3150E-EADD-4E8F-A3DF-183E27A8F311}"
EndProject
Project("{2150E333-8FDC-42A3-9474-1A3956D46DE8}") = "public", "public", "{12019B37-A4A7-4A8F-97D1-762645AFBC9D}"
EndProject
Project("{2150E333-8FDC-42A3-9474-1A3956D46DE8}") = "admin", "admin", "{589897FA-9C81-41C0-82C8-24FC9DB13AE0}"
EndProject
Project("{9A19103F-16F7-4668-BE54-9A1E7A4F7556}") = "TrungHieuTourists.Admin.Application", "src\TrungHieuTourists.Admin.Application\TrungHieuTourists.Admin.Application.csproj", "{5BB16E6F-9953-4E29-88BD-882A4D6D47F1}"
EndProject
Project("{9A19103F-16F7-4668-BE54-9A1E7A4F7556}") = "TrungHieuTourists.Admin.HttpApi", "src\TrungHieuTourists.Admin.HttpApi\TrungHieuTourists.Admin.HttpApi.csproj", "{F80D54C0-FC17-4E82-8ACA-C3ACBD38E1AA}"
EndProject
Project("{9A19103F-16F7-4668-BE54-9A1E7A4F7556}") = "TrungHieuTourists.Admin.HttpApi.Client", "src\TrungHieuTourists.Admin.HttpApi.Client\TrungHieuTourists.Admin.HttpApi.Client.csproj", "{37CFC4A3-9C05-4FCF-A1EA-97B5611F4BE1}"
EndProject
Project("{9A19103F-16F7-4668-BE54-9A1E7A4F7556}") = "TrungHieuTourists.Admin.HttpApi.Host", "src\TrungHieuTourists.Admin.HttpApi.Host\TrungHieuTourists.Admin.HttpApi.Host.csproj", "{C962BDC4-3736-4B7A-84EA-EDC60C603E56}"
EndProject
Project("{2150E333-8FDC-42A3-9474-1A3956D46DE8}") = "public", "public", "{139A302D-D370-45F2-93E8-E15D93F7BB26}"
EndProject
Project("{2150E333-8FDC-42A3-9474-1A3956D46DE8}") = "admin", "admin", "{DDE574DD-D0EA-4E76-B0B4-D963D4B7A93F}"
EndProject
Project("{9A19103F-16F7-4668-BE54-9A1E7A4F7556}") = "TrungHieuTourists.Admin.Application.Tests", "test\TrungHieuTourists.Admin.Application\TrungHieuTourists.Admin.Application.Tests.csproj", "{E15690AC-D2C6-4EC5-B2FD-D24D0DF10056}"
EndProject
Project("{9A19103F-16F7-4668-BE54-9A1E7A4F7556}") = "TrungHieuTourists.Admin.HttpApi.Client.ConsoleTestApp", "test\TrungHieuTourists.Admin.HttpApi.Client.ConsoleTestApp\TrungHieuTourists.Admin.HttpApi.Client.ConsoleTestApp.csproj", "{62BC9F76-476F-4D45-9281-730A46151944}"
EndProject
Project("{9A19103F-16F7-4668-BE54-9A1E7A4F7556}") = "TrungHieuTourists.Admin.Application.Contracts", "src\TrungHieuTourists.Admin.Application.Contracts\TrungHieuTourists.Admin.Application.Contracts.csproj", "{1E2CBBE0-49A4-45BE-98D5-AC4B343A03EE}"
EndProject
Global
	GlobalSection(SolutionConfigurationPlatforms) = preSolution
		Debug|Any CPU = Debug|Any CPU
		Release|Any CPU = Release|Any CPU
	EndGlobalSection
	GlobalSection(ProjectConfigurationPlatforms) = postSolution
		{554AD327-6DBA-4F8F-96F8-81CE7A0C863F}.Debug|Any CPU.ActiveCfg = Debug|Any CPU
		{554AD327-6DBA-4F8F-96F8-81CE7A0C863F}.Debug|Any CPU.Build.0 = Debug|Any CPU
		{554AD327-6DBA-4F8F-96F8-81CE7A0C863F}.Release|Any CPU.ActiveCfg = Release|Any CPU
		{554AD327-6DBA-4F8F-96F8-81CE7A0C863F}.Release|Any CPU.Build.0 = Release|Any CPU
		{1A94A50E-06DC-43C1-80B5-B662820EC3EB}.Debug|Any CPU.ActiveCfg = Debug|Any CPU
		{1A94A50E-06DC-43C1-80B5-B662820EC3EB}.Debug|Any CPU.Build.0 = Debug|Any CPU
		{1A94A50E-06DC-43C1-80B5-B662820EC3EB}.Release|Any CPU.ActiveCfg = Release|Any CPU
		{1A94A50E-06DC-43C1-80B5-B662820EC3EB}.Release|Any CPU.Build.0 = Release|Any CPU
		{C956DD76-69C8-4A9C-83EA-D17DF83340FD}.Debug|Any CPU.ActiveCfg = Debug|Any CPU
		{C956DD76-69C8-4A9C-83EA-D17DF83340FD}.Debug|Any CPU.Build.0 = Debug|Any CPU
		{C956DD76-69C8-4A9C-83EA-D17DF83340FD}.Release|Any CPU.ActiveCfg = Release|Any CPU
		{C956DD76-69C8-4A9C-83EA-D17DF83340FD}.Release|Any CPU.Build.0 = Release|Any CPU
		{50B2631D-129C-47B3-A587-029CCD6099BC}.Debug|Any CPU.ActiveCfg = Debug|Any CPU
		{50B2631D-129C-47B3-A587-029CCD6099BC}.Debug|Any CPU.Build.0 = Debug|Any CPU
		{50B2631D-129C-47B3-A587-029CCD6099BC}.Release|Any CPU.ActiveCfg = Release|Any CPU
		{50B2631D-129C-47B3-A587-029CCD6099BC}.Release|Any CPU.Build.0 = Release|Any CPU
		{42F719ED-8413-4895-B5B4-5AB56079BC66}.Debug|Any CPU.ActiveCfg = Debug|Any CPU
		{42F719ED-8413-4895-B5B4-5AB56079BC66}.Debug|Any CPU.Build.0 = Debug|Any CPU
		{42F719ED-8413-4895-B5B4-5AB56079BC66}.Release|Any CPU.ActiveCfg = Release|Any CPU
		{42F719ED-8413-4895-B5B4-5AB56079BC66}.Release|Any CPU.Build.0 = Release|Any CPU
		{520659C8-C734-4298-A3DA-B539DB9DFC0B}.Debug|Any CPU.ActiveCfg = Debug|Any CPU
		{520659C8-C734-4298-A3DA-B539DB9DFC0B}.Debug|Any CPU.Build.0 = Debug|Any CPU
		{520659C8-C734-4298-A3DA-B539DB9DFC0B}.Release|Any CPU.ActiveCfg = Release|Any CPU
		{520659C8-C734-4298-A3DA-B539DB9DFC0B}.Release|Any CPU.Build.0 = Release|Any CPU
		{4164BDF7-F527-4E85-9CE6-E3C2D7426A27}.Debug|Any CPU.ActiveCfg = Debug|Any CPU
		{4164BDF7-F527-4E85-9CE6-E3C2D7426A27}.Debug|Any CPU.Build.0 = Debug|Any CPU
		{4164BDF7-F527-4E85-9CE6-E3C2D7426A27}.Release|Any CPU.ActiveCfg = Release|Any CPU
		{4164BDF7-F527-4E85-9CE6-E3C2D7426A27}.Release|Any CPU.Build.0 = Release|Any CPU
		{3B5A0094-670D-4BB1-BFDD-61B88A8773DC}.Debug|Any CPU.ActiveCfg = Debug|Any CPU
		{3B5A0094-670D-4BB1-BFDD-61B88A8773DC}.Debug|Any CPU.Build.0 = Debug|Any CPU
		{3B5A0094-670D-4BB1-BFDD-61B88A8773DC}.Release|Any CPU.ActiveCfg = Release|Any CPU
		{3B5A0094-670D-4BB1-BFDD-61B88A8773DC}.Release|Any CPU.Build.0 = Release|Any CPU
		{073C361E-B8F4-49F5-93CC-72A3FF49C026}.Debug|Any CPU.ActiveCfg = Debug|Any CPU
		{073C361E-B8F4-49F5-93CC-72A3FF49C026}.Debug|Any CPU.Build.0 = Debug|Any CPU
		{073C361E-B8F4-49F5-93CC-72A3FF49C026}.Release|Any CPU.ActiveCfg = Release|Any CPU
		{073C361E-B8F4-49F5-93CC-72A3FF49C026}.Release|Any CPU.Build.0 = Release|Any CPU
		{E6D5BF0E-DE92-4D82-A352-EF04B37CB11C}.Debug|Any CPU.ActiveCfg = Debug|Any CPU
		{E6D5BF0E-DE92-4D82-A352-EF04B37CB11C}.Debug|Any CPU.Build.0 = Debug|Any CPU
		{E6D5BF0E-DE92-4D82-A352-EF04B37CB11C}.Release|Any CPU.ActiveCfg = Release|Any CPU
		{E6D5BF0E-DE92-4D82-A352-EF04B37CB11C}.Release|Any CPU.Build.0 = Release|Any CPU
		{1FE30EB9-74A9-47F5-A9F6-7B1FAB672D81}.Debug|Any CPU.ActiveCfg = Debug|Any CPU
		{1FE30EB9-74A9-47F5-A9F6-7B1FAB672D81}.Debug|Any CPU.Build.0 = Debug|Any CPU
		{1FE30EB9-74A9-47F5-A9F6-7B1FAB672D81}.Release|Any CPU.ActiveCfg = Release|Any CPU
		{1FE30EB9-74A9-47F5-A9F6-7B1FAB672D81}.Release|Any CPU.Build.0 = Release|Any CPU
		{91853F21-9CD9-4132-BC29-A7D5D84FFFE7}.Debug|Any CPU.ActiveCfg = Debug|Any CPU
		{91853F21-9CD9-4132-BC29-A7D5D84FFFE7}.Debug|Any CPU.Build.0 = Debug|Any CPU
		{91853F21-9CD9-4132-BC29-A7D5D84FFFE7}.Release|Any CPU.ActiveCfg = Release|Any CPU
		{91853F21-9CD9-4132-BC29-A7D5D84FFFE7}.Release|Any CPU.Build.0 = Release|Any CPU
		{E512F4D9-9375-480F-A2F6-A46509F9D824}.Debug|Any CPU.ActiveCfg = Debug|Any CPU
		{E512F4D9-9375-480F-A2F6-A46509F9D824}.Debug|Any CPU.Build.0 = Debug|Any CPU
		{E512F4D9-9375-480F-A2F6-A46509F9D824}.Release|Any CPU.ActiveCfg = Release|Any CPU
		{E512F4D9-9375-480F-A2F6-A46509F9D824}.Release|Any CPU.Build.0 = Release|Any CPU
		{EF480016-9127-4916-8735-D2466BDBC582}.Debug|Any CPU.ActiveCfg = Debug|Any CPU
		{EF480016-9127-4916-8735-D2466BDBC582}.Debug|Any CPU.Build.0 = Debug|Any CPU
		{EF480016-9127-4916-8735-D2466BDBC582}.Release|Any CPU.ActiveCfg = Release|Any CPU
		{EF480016-9127-4916-8735-D2466BDBC582}.Release|Any CPU.Build.0 = Release|Any CPU
		{AA94D832-1CCC-4715-95A9-A483F23A1A5D}.Debug|Any CPU.ActiveCfg = Debug|Any CPU
		{AA94D832-1CCC-4715-95A9-A483F23A1A5D}.Debug|Any CPU.Build.0 = Debug|Any CPU
		{AA94D832-1CCC-4715-95A9-A483F23A1A5D}.Release|Any CPU.ActiveCfg = Release|Any CPU
		{AA94D832-1CCC-4715-95A9-A483F23A1A5D}.Release|Any CPU.Build.0 = Release|Any CPU
		{5BB16E6F-9953-4E29-88BD-882A4D6D47F1}.Debug|Any CPU.ActiveCfg = Debug|Any CPU
		{5BB16E6F-9953-4E29-88BD-882A4D6D47F1}.Debug|Any CPU.Build.0 = Debug|Any CPU
		{5BB16E6F-9953-4E29-88BD-882A4D6D47F1}.Release|Any CPU.ActiveCfg = Release|Any CPU
		{5BB16E6F-9953-4E29-88BD-882A4D6D47F1}.Release|Any CPU.Build.0 = Release|Any CPU
		{F80D54C0-FC17-4E82-8ACA-C3ACBD38E1AA}.Debug|Any CPU.ActiveCfg = Debug|Any CPU
		{F80D54C0-FC17-4E82-8ACA-C3ACBD38E1AA}.Debug|Any CPU.Build.0 = Debug|Any CPU
		{F80D54C0-FC17-4E82-8ACA-C3ACBD38E1AA}.Release|Any CPU.ActiveCfg = Release|Any CPU
		{F80D54C0-FC17-4E82-8ACA-C3ACBD38E1AA}.Release|Any CPU.Build.0 = Release|Any CPU
		{37CFC4A3-9C05-4FCF-A1EA-97B5611F4BE1}.Debug|Any CPU.ActiveCfg = Debug|Any CPU
		{37CFC4A3-9C05-4FCF-A1EA-97B5611F4BE1}.Debug|Any CPU.Build.0 = Debug|Any CPU
		{37CFC4A3-9C05-4FCF-A1EA-97B5611F4BE1}.Release|Any CPU.ActiveCfg = Release|Any CPU
		{37CFC4A3-9C05-4FCF-A1EA-97B5611F4BE1}.Release|Any CPU.Build.0 = Release|Any CPU
		{C962BDC4-3736-4B7A-84EA-EDC60C603E56}.Debug|Any CPU.ActiveCfg = Debug|Any CPU
		{C962BDC4-3736-4B7A-84EA-EDC60C603E56}.Debug|Any CPU.Build.0 = Debug|Any CPU
		{C962BDC4-3736-4B7A-84EA-EDC60C603E56}.Release|Any CPU.ActiveCfg = Release|Any CPU
		{C962BDC4-3736-4B7A-84EA-EDC60C603E56}.Release|Any CPU.Build.0 = Release|Any CPU
		{E15690AC-D2C6-4EC5-B2FD-D24D0DF10056}.Debug|Any CPU.ActiveCfg = Debug|Any CPU
		{E15690AC-D2C6-4EC5-B2FD-D24D0DF10056}.Debug|Any CPU.Build.0 = Debug|Any CPU
		{E15690AC-D2C6-4EC5-B2FD-D24D0DF10056}.Release|Any CPU.ActiveCfg = Release|Any CPU
		{E15690AC-D2C6-4EC5-B2FD-D24D0DF10056}.Release|Any CPU.Build.0 = Release|Any CPU
		{62BC9F76-476F-4D45-9281-730A46151944}.Debug|Any CPU.ActiveCfg = Debug|Any CPU
		{62BC9F76-476F-4D45-9281-730A46151944}.Debug|Any CPU.Build.0 = Debug|Any CPU
		{62BC9F76-476F-4D45-9281-730A46151944}.Release|Any CPU.ActiveCfg = Release|Any CPU
		{62BC9F76-476F-4D45-9281-730A46151944}.Release|Any CPU.Build.0 = Release|Any CPU
		{1E2CBBE0-49A4-45BE-98D5-AC4B343A03EE}.Debug|Any CPU.ActiveCfg = Debug|Any CPU
		{1E2CBBE0-49A4-45BE-98D5-AC4B343A03EE}.Debug|Any CPU.Build.0 = Debug|Any CPU
		{1E2CBBE0-49A4-45BE-98D5-AC4B343A03EE}.Release|Any CPU.ActiveCfg = Release|Any CPU
		{1E2CBBE0-49A4-45BE-98D5-AC4B343A03EE}.Release|Any CPU.Build.0 = Release|Any CPU
	EndGlobalSection
	GlobalSection(SolutionProperties) = preSolution
		HideSolutionNode = FALSE
	EndGlobalSection
	GlobalSection(NestedProjects) = preSolution
		{554AD327-6DBA-4F8F-96F8-81CE7A0C863F} = {282827BD-6ECA-47F3-9C09-49F029BFB172}
		{1A94A50E-06DC-43C1-80B5-B662820EC3EB} = {12019B37-A4A7-4A8F-97D1-762645AFBC9D}
		{C956DD76-69C8-4A9C-83EA-D17DF83340FD} = {4EC3150E-EADD-4E8F-A3DF-183E27A8F311}
		{50B2631D-129C-47B3-A587-029CCD6099BC} = {139A302D-D370-45F2-93E8-E15D93F7BB26}
		{42F719ED-8413-4895-B5B4-5AB56079BC66} = {282827BD-6ECA-47F3-9C09-49F029BFB172}
		{520659C8-C734-4298-A3DA-B539DB9DFC0B} = {12019B37-A4A7-4A8F-97D1-762645AFBC9D}
		{4164BDF7-F527-4E85-9CE6-E3C2D7426A27} = {12019B37-A4A7-4A8F-97D1-762645AFBC9D}
		{3B5A0094-670D-4BB1-BFDD-61B88A8773DC} = {12019B37-A4A7-4A8F-97D1-762645AFBC9D}
		{073C361E-B8F4-49F5-93CC-72A3FF49C026} = {393F3635-69AE-471C-806C-D032386E079C}
		{E6D5BF0E-DE92-4D82-A352-EF04B37CB11C} = {12019B37-A4A7-4A8F-97D1-762645AFBC9D}
		{1FE30EB9-74A9-47F5-A9F6-7B1FAB672D81} = {139A302D-D370-45F2-93E8-E15D93F7BB26}
		{91853F21-9CD9-4132-BC29-A7D5D84FFFE7} = {139A302D-D370-45F2-93E8-E15D93F7BB26}
		{E512F4D9-9375-480F-A2F6-A46509F9D824} = {139A302D-D370-45F2-93E8-E15D93F7BB26}
		{EF480016-9127-4916-8735-D2466BDBC582} = {139A302D-D370-45F2-93E8-E15D93F7BB26}
		{AA94D832-1CCC-4715-95A9-A483F23A1A5D} = {4EC3150E-EADD-4E8F-A3DF-183E27A8F311}
		{393F3635-69AE-471C-806C-D032386E079C} = {CA9AC87F-097E-4F15-8393-4BC07735A5B0}
		{A6CD70E0-2722-4C9A-BFBB-FC98E744384C} = {CA9AC87F-097E-4F15-8393-4BC07735A5B0}
		{282827BD-6ECA-47F3-9C09-49F029BFB172} = {A6CD70E0-2722-4C9A-BFBB-FC98E744384C}
		{4EC3150E-EADD-4E8F-A3DF-183E27A8F311} = {A6CD70E0-2722-4C9A-BFBB-FC98E744384C}
		{12019B37-A4A7-4A8F-97D1-762645AFBC9D} = {CA9AC87F-097E-4F15-8393-4BC07735A5B0}
		{589897FA-9C81-41C0-82C8-24FC9DB13AE0} = {CA9AC87F-097E-4F15-8393-4BC07735A5B0}
		{5BB16E6F-9953-4E29-88BD-882A4D6D47F1} = {589897FA-9C81-41C0-82C8-24FC9DB13AE0}
		{F80D54C0-FC17-4E82-8ACA-C3ACBD38E1AA} = {589897FA-9C81-41C0-82C8-24FC9DB13AE0}
		{37CFC4A3-9C05-4FCF-A1EA-97B5611F4BE1} = {589897FA-9C81-41C0-82C8-24FC9DB13AE0}
		{C962BDC4-3736-4B7A-84EA-EDC60C603E56} = {589897FA-9C81-41C0-82C8-24FC9DB13AE0}
		{139A302D-D370-45F2-93E8-E15D93F7BB26} = {04DBDB01-70F4-4E06-B468-8F87850B22BE}
		{DDE574DD-D0EA-4E76-B0B4-D963D4B7A93F} = {04DBDB01-70F4-4E06-B468-8F87850B22BE}
		{E15690AC-D2C6-4EC5-B2FD-D24D0DF10056} = {DDE574DD-D0EA-4E76-B0B4-D963D4B7A93F}
		{62BC9F76-476F-4D45-9281-730A46151944} = {DDE574DD-D0EA-4E76-B0B4-D963D4B7A93F}
		{1E2CBBE0-49A4-45BE-98D5-AC4B343A03EE} = {589897FA-9C81-41C0-82C8-24FC9DB13AE0}
	EndGlobalSection
	GlobalSection(ExtensibilityGlobals) = postSolution
		SolutionGuid = {28315BFD-90E7-4E14-A2EA-F3D23AF4126F}
	EndGlobalSection
EndGlobal
